{
  "name": "sajs",
  "version": "1.0.0",
  "lockfileVersion": 1,
  "requires": true,
  "dependencies": {
    "commander": {
      "version": "2.19.0",
      "resolved": "https://registry.npmjs.org/commander/-/commander-2.19.0.tgz",
      "integrity": "sha512-6tvAOO+D6OENvRAh524Dh9jcfKTYDQAqvqezbCW82xj5X0pSrcpxtvRKHLG0yBY6SD7PSDrJaj+0AiOcKVd1Xg=="
    },
    "jints": {
      "version": "1.0.5",
      "resolved": "https://registry.npmjs.org/jints/-/jints-1.0.5.tgz",
      "integrity": "sha1-Ikl8Z5Lkd2w3iqzTLYTVq2HiwvU="
    },
    "struct-fu": {
      "version": "1.2.1",
      "resolved": "https://registry.npmjs.org/struct-fu/-/struct-fu-1.2.1.tgz",
      "integrity": "sha512-QrtfoBRe+RixlBJl852/Gu7tLLTdx3kWs3MFzY1OHNrSsYYK7aIAnzqsncYRWrKGG/QSItDmOTlELMxehw4Gjw=="
    }
  }
}
